
Microsoft Visual Studio Solution File, Format Version 12.00
# Visual Studio Version 16
VisualStudioVersion = 16.0.29709.97
MinimumVisualStudioVersion = 10.0.40219.1
Project("{8BC9CEB8-8B4A-11D0-8D11-00A0C91BC942}") = "VSPackage1", "VSPackage1\VSPackage1.vcxproj", "{1AED57C3-A54C-4FF9-B550-463897AC1FF1}"
	ProjectSection(ProjectDependencies) = postProject
		{8DAA9268-2522-4AA3-A15F-3746FEC39EB0} = {8DAA9268-2522-4AA3-A15F-3746FEC39EB0}
	EndProjectSection
EndProject
Project("{8BC9CEB8-8B4A-11D0-8D11-00A0C91BC942}") = "VSPackage1UI", "VSPackage1Ui\VSPackage1Ui.vcxproj", "{8DAA9268-2522-4AA3-A15F-3746FEC39EB0}"
EndProject
Project("{FAE04EC0-301F-11D3-BF4B-00C04F79EFBC}") = "VSPackage1VSIX", "VSPackage1\VSPackage1VSIX\VSPackage1VSIX.csproj", "{31C95110-E6A7-4592-B9BA-2A924EF51843}"
EndProject
Global
	GlobalSection(SolutionConfigurationPlatforms) = preSolution
		Debug|Any CPU = Debug|Any CPU
		Debug|x86 = Debug|x86
		Release|Any CPU = Release|Any CPU
		Release|x86 = Release|x86
	EndGlobalSection
	GlobalSection(ProjectConfigurationPlatforms) = postSolution
		{1AED57C3-A54C-4FF9-B550-463897AC1FF1}.Debug|Any CPU.ActiveCfg = Debug|Win32
		{1AED57C3-A54C-4FF9-B550-463897AC1FF1}.Debug|x86.ActiveCfg = Debug|Win32
		{1AED57C3-A54C-4FF9-B550-463897AC1FF1}.Debug|x86.Build.0 = Debug|Win32
		{1AED57C3-A54C-4FF9-B550-463897AC1FF1}.Release|Any CPU.ActiveCfg = Release|Win32
		{1AED57C3-A54C-4FF9-B550-463897AC1FF1}.Release|x86.ActiveCfg = Release|Win32
		{1AED57C3-A54C-4FF9-B550-463897AC1FF1}.Release|x86.Build.0 = Release|Win32
		{8DAA9268-2522-4AA3-A15F-3746FEC39EB0}.Debug|Any CPU.ActiveCfg = Debug|Win32
		{8DAA9268-2522-4AA3-A15F-3746FEC39EB0}.Debug|x86.ActiveCfg = Debug|Win32
		{8DAA9268-2522-4AA3-A15F-3746FEC39EB0}.Debug|x86.Build.0 = Debug|Win32
		{8DAA9268-2522-4AA3-A15F-3746FEC39EB0}.Release|Any CPU.ActiveCfg = Release|Win32
		{8DAA9268-2522-4AA3-A15F-3746FEC39EB0}.Release|x86.ActiveCfg = Release|Win32
		{8DAA9268-2522-4AA3-A15F-3746FEC39EB0}.Release|x86.Build.0 = Release|Win32
		{31C95110-E6A7-4592-B9BA-2A924EF51843}.Debug|Any CPU.ActiveCfg = Debug|Any CPU
		{31C95110-E6A7-4592-B9BA-2A924EF51843}.Debug|Any CPU.Build.0 = Debug|Any CPU
		{31C95110-E6A7-4592-B9BA-2A924EF51843}.Debug|x86.ActiveCfg = Debug|Any CPU
		{31C95110-E6A7-4592-B9BA-2A924EF51843}.Debug|x86.Build.0 = Debug|Any CPU
		{31C95110-E6A7-4592-B9BA-2A924EF51843}.Release|Any CPU.ActiveCfg = Release|Any CPU
		{31C95110-E6A7-4592-B9BA-2A924EF51843}.Release|Any CPU.Build.0 = Release|Any CPU
		{31C95110-E6A7-4592-B9BA-2A924EF51843}.Release|x86.ActiveCfg = Release|Any CPU
		{31C95110-E6A7-4592-B9BA-2A924EF51843}.Release|x86.Build.0 = Release|Any CPU
	EndGlobalSection
	GlobalSection(SolutionProperties) = preSolution
		HideSolutionNode = FALSE
	EndGlobalSection
	GlobalSection(ExtensibilityGlobals) = postSolution
		SolutionGuid = {91E6234D-1D6D-42EC-B2FB-67CE9A05DF4B}
	EndGlobalSection
EndGlobal
